
Microsoft Visual Studio Solution File, Format Version 12.00
# Visual Studio Version 17
VisualStudioVersion = 17.1.32319.34
MinimumVisualStudioVersion = 10.0.40219.1
Project("{FAE04EC0-301F-11D3-BF4B-00C04F79EFBC}") = "OpenWilds", "OpenWilds.csproj", "{B2541BC1-12D1-473A-9255-2BE1425A460D}"
EndProject
Global
	GlobalSection(SolutionConfigurationPlatforms) = preSolution
		Debug|Any CPU = Debug|Any CPU
		Release|Any CPU = Release|Any CPU
	EndGlobalSection
	GlobalSection(ProjectConfigurationPlatforms) = postSolution
		{B2541BC1-12D1-473A-9255-2BE1425A460D}.Debug|Any CPU.ActiveCfg = Debug|Any CPU
		{B2541BC1-12D1-473A-9255-2BE1425A460D}.Debug|Any CPU.Build.0 = Debug|Any CPU
		{B2541BC1-12D1-473A-9255-2BE1425A460D}.Release|Any CPU.ActiveCfg = Release|Any CPU
		{B2541BC1-12D1-473A-9255-2BE1425A460D}.Release|Any CPU.Build.0 = Release|Any CPU
	EndGlobalSection
	GlobalSection(SolutionProperties) = preSolution
		HideSolutionNode = FALSE
	EndGlobalSection
	GlobalSection(ExtensibilityGlobals) = postSolution
		SolutionGuid = {640DEFB0-0B85-492C-8F79-AB41F8356562}
	EndGlobalSection
EndGlobal
